
Microsoft Visual Studio Solution File, Format Version 12.00
# Visual Studio Version 16
VisualStudioVersion = 16.0.30907.101
MinimumVisualStudioVersion = 10.0.40219.1
Project("{FAE04EC0-301F-11D3-BF4B-00C04F79EFBC}") = "Operatoroverloading", "Operatoroverloading.csproj", "{2E701EA7-575D-4499-9A71-CCBD75D02A45}"
EndProject
Global
	GlobalSection(SolutionConfigurationPlatforms) = preSolution
		Debug|Any CPU = Debug|Any CPU
		Release|Any CPU = Release|Any CPU
	EndGlobalSection
	GlobalSection(ProjectConfigurationPlatforms) = postSolution
		{2E701EA7-575D-4499-9A71-CCBD75D02A45}.Debug|Any CPU.ActiveCfg = Debug|Any CPU
		{2E701EA7-575D-4499-9A71-CCBD75D02A45}.Debug|Any CPU.Build.0 = Debug|Any CPU
		{2E701EA7-575D-4499-9A71-CCBD75D02A45}.Release|Any CPU.ActiveCfg = Release|Any CPU
		{2E701EA7-575D-4499-9A71-CCBD75D02A45}.Release|Any CPU.Build.0 = Release|Any CPU
	EndGlobalSection
	GlobalSection(SolutionProperties) = preSolution
		HideSolutionNode = FALSE
	EndGlobalSection
	GlobalSection(ExtensibilityGlobals) = postSolution
		SolutionGuid = {B7F54CA5-7824-45B3-B6A3-BDEDC712EF09}
	EndGlobalSection
EndGlobal
